// !$*UTF8*$!
{
	archiveVersion = 1;
	classes = {
	};
	objectVersion = 50;
	objects = {

/* Begin PBXBuildFile section */
		556A0E28233A012F008E7A57 /* AppDelegate.swift in Sources */ = {isa = PBXBuildFile; fileRef = 556A0E27233A012F008E7A57 /* AppDelegate.swift */; };
		556A0E2A233A012F008E7A57 /* SceneDelegate.swift in Sources */ = {isa = PBXBuildFile; fileRef = 556A0E29233A012F008E7A57 /* SceneDelegate.swift */; };
		556A0E2C233A012F008E7A57 /* ContentView.swift in Sources */ = {isa = PBXBuildFile; fileRef = 556A0E2B233A012F008E7A57 /* ContentView.swift */; };
		556A0E2E233A0131008E7A57 /* Assets.xcassets in Resources */ = {isa = PBXBuildFile; fileRef = 556A0E2D233A0131008E7A57 /* Assets.xcassets */; };
		556A0E31233A0131008E7A57 /* Preview Assets.xcassets in Resources */ = {isa = PBXBuildFile; fileRef = 556A0E30233A0131008E7A57 /* Preview Assets.xcassets */; };
		556A0E34233A0131008E7A57 /* LaunchScreen.storyboard in Resources */ = {isa = PBXBuildFile; fileRef = 556A0E32233A0131008E7A57 /* LaunchScreen.storyboard */; };
/* End PBXBuildFile section */

/* Begin PBXFileReference section */
		556A0E24233A012F008E7A57 /* 00657131HW01.app */ = {isa = PBXFileReference; explicitFileType = wrapper.application; includeInIndex = 0; path = 00657131HW01.app; sourceTree = BUILT_PRODUCTS_DIR; };
		556A0E27233A012F008E7A57 /* AppDelegate.swift */ = {isa = PBXFileReference; lastKnownFileType = sourcecode.swift; path = AppDelegate.swift; sourceTree = "<group>"; };
		556A0E29233A012F008E7A57 /* SceneDelegate.swift */ = {isa = PBXFileReference; lastKnownFileType = sourcecode.swift; path = SceneDelegate.swift; sourceTree = "<group>"; };
		556A0E2B233A012F008E7A57 /* ContentView.swift */ = {isa = PBXFileReference; lastKnownFileType = sourcecode.swift; path = ContentView.swift; sourceTree = "<group>"; };
		556A0E2D233A0131008E7A57 /* Assets.xcassets */ = {isa = PBXFileReference; lastKnownFileType = folder.assetcatalog; path = Assets.xcassets; sourceTree = "<group>"; };
		556A0E30233A0131008E7A57 /* Preview Assets.xcassets */ = {isa = PBXFileReference; lastKnownFileType = folder.assetcatalog; path = "Preview Assets.xcassets"; sourceTree = "<group>"; };
		556A0E33233A0131008E7A57 /* Base */ = {isa = PBXFileReference; lastKnownFileType = file.storyboard; name = Base; path = Base.lproj/LaunchScreen.storyboard; sourceTree = "<group>"; };
		556A0E35233A0131008E7A57 /* Info.plist */ = {isa = PBXFileReference; lastKnownFileType = text.plist.xml; path = Info.plist; sourceTree = "<group>"; };
/* End PBXFileReference section */

/* Begin PBXFrameworksBuildPhase section */
		556A0E21233A012F008E7A57 /* Frameworks */ = {
			isa = PBXFrameworksBuildPhase;
			buildActionMask = 2147483647;
			files = (
			);
			runOnlyForDeploymentPostprocessing = 0;
		};
/* End PBXFrameworksBuildPhase section */

/* Begin PBXGroup section */
		556A0E1B233A012F008E7A57 = {
			isa = PBXGroup;
			children = (
				556A0E26233A012F008E7A57 /* 00657131HW01 */,
				556A0E25233A012F008E7A57 /* Products */,
			);
			sourceTree = "<group>";
		};
		556A0E25233A012F008E7A57 /* Products */ = {
			isa = PBXGroup;
			children = (
				556A0E24233A012F008E7A57 /* 00657131HW01.app */,
			);
			name = Products;
			sourceTree = "<group>";
		};
		556A0E26233A012F008E7A57 /* 00657131HW01 */ = {
			isa = PBXGroup;
			children = (
				556A0E27233A012F008E7A57 /* AppDelegate.swift */,
				556A0E29233A012F008E7A57 /* SceneDelegate.swift */,
				556A0E2B233A012F008E7A57 /* ContentView.swift */,
				556A0E2D233A0131008E7A57 /* Assets.xcassets */,
				556A0E32233A0131008E7A57 /* LaunchScreen.storyboard */,
				556A0E35233A0131008E7A57 /* Info.plist */,
				556A0E2F233A0131008E7A57 /* Preview Content */,
			);
			path = 00657131HW01;
			sourceTree = "<group>";
		};
		556A0E2F233A0131008E7A57 /* Preview Content */ = {
			isa = PBXGroup;
			children = (
				556A0E30233A0131008E7A57 /* Preview Assets.xcassets */,
			);
			path = "Preview Content";
			sourceTree = "<group>";
		};
/* End PBXGroup section */

/* Begin PBXNativeTarget section */
		556A0E23233A012F008E7A57 /* 00657131HW01 */ = {
			isa = PBXNativeTarget;
			buildConfigurationList = 556A0E38233A0131008E7A57 /* Build configuration list for PBXNativeTarget "00657131HW01" */;
			buildPhases = (
				556A0E20233A012F008E7A57 /* Sources */,
				556A0E21233A012F008E7A57 /* Frameworks */,
				556A0E22233A012F008E7A57 /* Resources */,
			);
			buildRules = (
			);
			dependencies = (
			);
			name = 00657131HW01;
			productName = 00657131HW01;
			productReference = 556A0E24233A012F008E7A57 /* 00657131HW01.app */;
			productType = "com.apple.product-type.application";
		};
/* End PBXNativeTarget section */

/* Begin PBXProject section */
		556A0E1C233A012F008E7A57 /* Project object */ = {
			isa = PBXProject;
			attributes = {
				LastSwiftUpdateCheck = 1100;
				LastUpgradeCheck = 1100;
				ORGANIZATIONNAME = ntou;
				TargetAttributes = {
					556A0E23233A012F008E7A57 = {
						CreatedOnToolsVersion = 11.0;
					};
				};
			};
			buildConfigurationList = 556A0E1F233A012F008E7A57 /* Build configuration list for PBXProject "00657131HW01" */;
			compatibilityVersion = "Xcode 9.3";
			developmentRegion = en;
			hasScannedForEncodings = 0;
			knownRegions = (
				en,
				Base,
			);
			mainGroup = 556A0E1B233A012F008E7A57;
			productRefGroup = 556A0E25233A012F008E7A57 /* Products */;
			projectDirPath = "";
			projectRoot = "";
			targets = (
				556A0E23233A012F008E7A57 /* 00657131HW01 */,
			);
		};
/* End PBXProject section */

/* Begin PBXResourcesBuildPhase section */
		556A0E22233A012F008E7A57 /* Resources */ = {
			isa = PBXResourcesBuildPhase;
			buildActionMask = 2147483647;
			files = (
				556A0E34233A0131008E7A57 /* LaunchScreen.storyboard in Resources */,
				556A0E31233A0131008E7A57 /* Preview Assets.xcassets in Resources */,
				556A0E2E233A0131008E7A57 /* Assets.xcassets in Resources */,
			);
			runOnlyForDeploymentPostprocessing = 0;
		};
/* End PBXResourcesBuildPhase section */

/* Begin PBXSourcesBuildPhase section */
		556A0E20233A012F008E7A57 /* Sources */ = {
			isa = PBXSourcesBuildPhase;
			buildActionMask = 2147483647;
			files = (
				556A0E28233A012F008E7A57 /* AppDelegate.swift in Sources */,
				556A0E2A233A012F008E7A57 /* SceneDelegate.swift in Sources */,
				556A0E2C233A012F008E7A57 /* ContentView.swift in Sources */,
			);
			runOnlyForDeploymentPostprocessing = 0;
		};
/* End PBXSourcesBuildPhase section */

/* Begin PBXVariantGroup section */
		556A0E32233A0131008E7A57 /* LaunchScreen.storyboard */ = {
			isa = PBXVariantGroup;
			children = (
				556A0E33233A0131008E7A57 /* Base */,
			);
			name = LaunchScreen.storyboard;
			sourceTree = "<group>";
		};
/* End PBXVariantGroup section */

/* Begin XCBuildConfiguration section */
		556A0E36233A0131008E7A57 /* Debug */ = {
			isa = XCBuildConfiguration;
			buildSettings = {
				ALWAYS_SEARCH_USER_PATHS = NO;
				CLANG_ANALYZER_NONNULL = YES;
				CLANG_ANALYZER_NUMBER_OBJECT_CONVERSION = YES_AGGRESSIVE;
				CLANG_CXX_LANGUAGE_STANDARD = "gnu++14";
				CLANG_CXX_LIBRARY = "libc++";
				CLANG_ENABLE_MODULES = YES;
				CLANG_ENABLE_OBJC_ARC = YES;
				CLANG_ENABLE_OBJC_WEAK = YES;
				CLANG_WARN_BLOCK_CAPTURE_AUTORELEASING = YES;
				CLANG_WARN_BOOL_CONVERSION = YES;
				CLANG_WARN_COMMA = YES;
				CLANG_WARN_CONSTANT_CONVERSION = YES;
				CLANG_WARN_DEPRECATED_OBJC_IMPLEMENTATIONS = YES;
				CLANG_WARN_DIRECT_OBJC_ISA_USAGE = YES_ERROR;
				CLANG_WARN_DOCUMENTATION_COMMENTS = YES;
				CLANG_WARN_EMPTY_BODY = YES;
				CLANG_WARN_ENUM_CONVERSION = YES;
				CLANG_WARN_INFINITE_RECURSION = YES;
				CLANG_WARN_INT_CONVERSION = YES;
				CLANG_WARN_NON_LITERAL_NULL_CONVERSION = YES;
				CLANG_WARN_OBJC_IMPLICIT_RETAIN_SELF = YES;
				CLANG_WARN_OBJC_LITERAL_CONVERSION = YES;
				CLANG_WARN_OBJC_ROOT_CLASS = YES_ERROR;
				CLANG_WARN_RANGE_LOOP_ANALYSIS = YES;
				CLANG_WARN_STRICT_PROTOTYPES = YES;
				CLANG_WARN_SUSPICIOUS_MOVE = YES;
				CLANG_WARN_UNGUARDED_AVAILABILITY = YES_AGGRESSIVE;
				CLANG_WARN_UNREACHABLE_CODE = YES;
				CLANG_WARN__DUPLICATE_METHOD_MATCH = YES;
				COPY_PHASE_STRIP = NO;
				DEBUG_INFORMATION_FORMAT = dwarf;
				ENABLE_STRICT_OBJC_MSGSEND = YES;
				ENABLE_TESTABILITY = YES;
				GCC_C_LANGUAGE_STANDARD = gnu11;
				GCC_DYNAMIC_NO_PIC = NO;
				GCC_NO_COMMON_BLOCKS = YES;
				GCC_OPTIMIZATION_LEVEL = 0;
				GCC_PREPROCESSOR_DEFINITIONS = (
					"DEBUG=1",
					"$(inherited)",
				);
				GCC_WARN_64_TO_32_BIT_CONVERSION = YES;
				GCC_WARN_ABOUT_RETURN_TYPE = YES_ERROR;
				GCC_WARN_UNDECLARED_SELECTOR = YES;
				GCC_WARN_UNINITIALIZED_AUTOS = YES_AGGRESSIVE;
				GCC_WARN_UNUSED_FUNCTION = YES;
				GCC_WARN_UNUSED_VARIABLE = YES;
				IPHONEOS_DEPLOYMENT_TARGET = 13.0;
				MTL_ENABLE_DEBUG_INFO = INCLUDE_SOURCE;
				MTL_FAST_MATH = YES;
				ONLY_ACTIVE_ARCH = YES;
				SDKROOT = iphoneos;
				SWIFT_ACTIVE_COMPILATION_CONDITIONS = DEBUG;
				SWIFT_OPTIMIZATION_LEVEL = "-Onone";
			};
			name = Debug;
		};
		556A0E37233A0131008E7A57 /* Release */ = {
			isa = XCBuildConfiguration;
			buildSettings = {
				ALWAYS_SEARCH_USER_PATHS = NO;
				CLANG_ANALYZER_NONNULL = YES;
				CLANG_ANALYZER_NUMBER_OBJECT_CONVERSION = YES_AGGRESSIVE;
				CLANG_CXX_LANGUAGE_STANDARD = "gnu++14";
				CLANG_CXX_LIBRARY = "libc++";
				CLANG_ENABLE_MODULES = YES;
				CLANG_ENABLE_OBJC_ARC = YES;
				CLANG_ENABLE_OBJC_WEAK = YES;
				CLANG_WARN_BLOCK_CAPTURE_AUTORELEASING = YES;
				CLANG_WARN_BOOL_CONVERSION = YES;
				CLANG_WARN_COMMA = YES;
				CLANG_WARN_CONSTANT_CONVERSION = YES;
				CLANG_WARN_DEPRECATED_OBJC_IMPLEMENTATIONS = YES;
				CLANG_WARN_DIRECT_OBJC_ISA_USAGE = YES_ERROR;
				CLANG_WARN_DOCUMENTATION_COMMENTS = YES;
				CLANG_WARN_EMPTY_BODY = YES;
				CLANG_WARN_ENUM_CONVERSION = YES;
				CLANG_WARN_INFINITE_RECURSION = YES;
				CLANG_WARN_INT_CONVERSION = YES;
				CLANG_WARN_NON_LITERAL_NULL_CONVERSION = YES;
				CLANG_WARN_OBJC_IMPLICIT_RETAIN_SELF = YES;
				CLANG_WARN_OBJC_LITERAL_CONVERSION = YES;
				CLANG_WARN_OBJC_ROOT_CLASS = YES_ERROR;
				CLANG_WARN_RANGE_LOOP_ANALYSIS = YES;
				CLANG_WARN_STRICT_PROTOTYPES = YES;
				CLANG_WARN_SUSPICIOUS_MOVE = YES;
				CLANG_WARN_UNGUARDED_AVAILABILITY = YES_AGGRESSIVE;
				CLANG_WARN_UNREACHABLE_CODE = YES;
				CLANG_WARN__DUPLICATE_METHOD_MATCH = YES;
				COPY_PHASE_STRIP = NO;
				DEBUG_INFORMATION_FORMAT = "dwarf-with-dsym";
				ENABLE_NS_ASSERTIONS = NO;
				ENABLE_STRICT_OBJC_MSGSEND = YES;
				GCC_C_LANGUAGE_STANDARD = gnu11;
				GCC_NO_COMMON_BLOCKS = YES;
				GCC_WARN_64_TO_32_BIT_CONVERSION = YES;
				GCC_WARN_ABOUT_RETURN_TYPE = YES_ERROR;
				GCC_WARN_UNDECLARED_SELECTOR = YES;
				GCC_WARN_UNINITIALIZED_AUTOS = YES_AGGRESSIVE;
				GCC_WARN_UNUSED_FUNCTION = YES;
				GCC_WARN_UNUSED_VARIABLE = YES;
				IPHONEOS_DEPLOYMENT_TARGET = 13.0;
				MTL_ENABLE_DEBUG_INFO = NO;
				MTL_FAST_MATH = YES;
				SDKROOT = iphoneos;
				SWIFT_COMPILATION_MODE = wholemodule;
				SWIFT_OPTIMIZATION_LEVEL = "-O";
				VALIDATE_PRODUCT = YES;
			};
			name = Release;
		};
		556A0E39233A0131008E7A57 /* Debug */ = {
			isa = XCBuildConfiguration;
			buildSettings = {
				ASSETCATALOG_COMPILER_APPICON_NAME = AppIcon;
				CODE_SIGN_STYLE = Automatic;
				DEVELOPMENT_ASSET_PATHS = "\"00657131HW01/Preview Content\"";
				ENABLE_PREVIEWS = YES;
				INFOPLIST_FILE = 00657131HW01/Info.plist;
				LD_RUNPATH_SEARCH_PATHS = (
					"$(inherited)",
					"@executable_path/Frameworks",
				);
				PRODUCT_BUNDLE_IDENTIFIER = "cc.-0657131HW01";
				PRODUCT_NAME = "$(TARGET_NAME)";
				SWIFT_VERSION = 5.0;
				TARGETED_DEVICE_FAMILY = "1,2";
			};
			name = Debug;
		};
		556A0E3A233A0131008E7A57 /* Release */ = {
			isa = XCBuildConfiguration;
			buildSettings = {
				ASSETCATALOG_COMPILER_APPICON_NAME = AppIcon;
				CODE_SIGN_STYLE = Automatic;
				DEVELOPMENT_ASSET_PATHS = "\"00657131HW01/Preview Content\"";
				ENABLE_PREVIEWS = YES;
				INFOPLIST_FILE = 00657131HW01/Info.plist;
				LD_RUNPATH_SEARCH_PATHS = (
					"$(inherited)",
					"@executable_path/Frameworks",
				);
				PRODUCT_BUNDLE_IDENTIFIER = "cc.-0657131HW01";
				PRODUCT_NAME = "$(TARGET_NAME)";
				SWIFT_VERSION = 5.0;
				TARGETED_DEVICE_FAMILY = "1,2";
			};
			name = Release;
		};
/* End XCBuildConfiguration section */

/* Begin XCConfigurationList section */
		556A0E1F233A012F008E7A57 /* Build configuration list for PBXProject "00657131HW01" */ = {
			isa = XCConfigurationList;
			buildConfigurations = (
				556A0E36233A0131008E7A57 /* Debug */,
				556A0E37233A0131008E7A57 /* Release */,
			);
			defaultConfigurationIsVisible = 0;
			defaultConfigurationName = Release;
		};
		556A0E38233A0131008E7A57 /* Build configuration list for PBXNativeTarget "00657131HW01" */ = {
			isa = XCConfigurationList;
			buildConfigurations = (
				556A0E39233A0131008E7A57 /* Debug */,
				556A0E3A233A0131008E7A57 /* Release */,
			);
			defaultConfigurationIsVisible = 0;
			defaultConfigurationName = Release;
		};
/* End XCConfigurationList section */
	};
	rootObject = 556A0E1C233A012F008E7A57 /* Project object */;
}
